// !$*UTF8*$!
{
	archiveVersion = 1;
	classes = {
	};
	objectVersion = 46;
	objects = {

/* Begin PBXBuildFile section */
		C5D567721E1BEFBC00DCA6E0 /* Foundation.framework in Frameworks */ = {isa = PBXBuildFile; fileRef = C5D567711E1BEFBC00DCA6E0 /* Foundation.framework */; };
		C5D567741E1BEFBC00DCA6E0 /* CoreGraphics.framework in Frameworks */ = {isa = PBXBuildFile; fileRef = C5D567731E1BEFBC00DCA6E0 /* CoreGraphics.framework */; };
		C5D567761E1BEFBC00DCA6E0 /* UIKit.framework in Frameworks */ = {isa = PBXBuildFile; fileRef = C5D567751E1BEFBC00DCA6E0 /* UIKit.framework */; };
		C5D5677C1E1BEFBC00DCA6E0 /* InfoPlist.strings in Resources */ = {isa = PBXBuildFile; fileRef = C5D5677A1E1BEFBC00DCA6E0 /* InfoPlist.strings */; };
		C5D5677E1E1BEFBC00DCA6E0 /* main.m in Sources */ = {isa = PBXBuildFile; fileRef = C5D5677D1E1BEFBC00DCA6E0 /* main.m */; };
		C5D567821E1BEFBC00DCA6E0 /* MKLAppDelegate.m in Sources */ = {isa = PBXBuildFile; fileRef = C5D567811E1BEFBC00DCA6E0 /* MKLAppDelegate.m */; };
		C5D567851E1BEFBC00DCA6E0 /* Main.storyboard in Resources */ = {isa = PBXBuildFile; fileRef = C5D567831E1BEFBC00DCA6E0 /* Main.storyboard */; };
		C5D567881E1BEFBC00DCA6E0 /* MKLViewController.m in Sources */ = {isa = PBXBuildFile; fileRef = C5D567871E1BEFBC00DCA6E0 /* MKLViewController.m */; };
		C5D5678A1E1BEFBC00DCA6E0 /* Images.xcassets in Resources */ = {isa = PBXBuildFile; fileRef = C5D567891E1BEFBC00DCA6E0 /* Images.xcassets */; };
		C5D567911E1BEFBC00DCA6E0 /* XCTest.framework in Frameworks */ = {isa = PBXBuildFile; fileRef = C5D567901E1BEFBC00DCA6E0 /* XCTest.framework */; };
		C5D567921E1BEFBC00DCA6E0 /* Foundation.framework in Frameworks */ = {isa = PBXBuildFile; fileRef = C5D567711E1BEFBC00DCA6E0 /* Foundation.framework */; };
		C5D567931E1BEFBC00DCA6E0 /* UIKit.framework in Frameworks */ = {isa = PBXBuildFile; fileRef = C5D567751E1BEFBC00DCA6E0 /* UIKit.framework */; };
		C5D5679B1E1BEFBC00DCA6E0 /* InfoPlist.strings in Resources */ = {isa = PBXBuildFile; fileRef = C5D567991E1BEFBC00DCA6E0 /* InfoPlist.strings */; };
		C5D5679D1E1BEFBC00DCA6E0 /* PhotoBrowserTests.m in Sources */ = {isa = PBXBuildFile; fileRef = C5D5679C1E1BEFBC00DCA6E0 /* PhotoBrowserTests.m */; };
		C5D567A71E1BF04B00DCA6E0 /* imageData.plist in Resources */ = {isa = PBXBuildFile; fileRef = C5D567A61E1BF04B00DCA6E0 /* imageData.plist */; };
/* End PBXBuildFile section */

/* Begin PBXContainerItemProxy section */
		C5D567941E1BEFBC00DCA6E0 /* PBXContainerItemProxy */ = {
			isa = PBXContainerItemProxy;
			containerPortal = C5D567661E1BEFBC00DCA6E0 /* Project object */;
			proxyType = 1;
			remoteGlobalIDString = C5D5676D1E1BEFBC00DCA6E0;
			remoteInfo = PhotoBrowser;
		};
/* End PBXContainerItemProxy section */

/* Begin PBXFileReference section */
		C5D5676E1E1BEFBC00DCA6E0 /* PhotoBrowser.app */ = {isa = PBXFileReference; explicitFileType = wrapper.application; includeInIndex = 0; path = PhotoBrowser.app; sourceTree = BUILT_PRODUCTS_DIR; };
		C5D567711E1BEFBC00DCA6E0 /* Foundation.framework */ = {isa = PBXFileReference; lastKnownFileType = wrapper.framework; name = Foundation.framework; path = System/Library/Frameworks/Foundation.framework; sourceTree = SDKROOT; };
		C5D567731E1BEFBC00DCA6E0 /* CoreGraphics.framework */ = {isa = PBXFileReference; lastKnownFileType = wrapper.framework; name = CoreGraphics.framework; path = System/Library/Frameworks/CoreGraphics.framework; sourceTree = SDKROOT; };
		C5D567751E1BEFBC00DCA6E0 /* UIKit.framework */ = {isa = PBXFileReference; lastKnownFileType = wrapper.framework; name = UIKit.framework; path = System/Library/Frameworks/UIKit.framework; sourceTree = SDKROOT; };
		C5D567791E1BEFBC00DCA6E0 /* PhotoBrowser-Info.plist */ = {isa = PBXFileReference; lastKnownFileType = text.plist.xml; path = "PhotoBrowser-Info.plist"; sourceTree = "<group>"; };
		C5D5677B1E1BEFBC00DCA6E0 /* en */ = {isa = PBXFileReference; lastKnownFileType = text.plist.strings; name = en; path = en.lproj/InfoPlist.strings; sourceTree = "<group>"; };
		C5D5677D1E1BEFBC00DCA6E0 /* main.m */ = {isa = PBXFileReference; lastKnownFileType = sourcecode.c.objc; path = main.m; sourceTree = "<group>"; };
		C5D5677F1E1BEFBC00DCA6E0 /* PhotoBrowser-Prefix.pch */ = {isa = PBXFileReference; lastKnownFileType = sourcecode.c.h; path = "PhotoBrowser-Prefix.pch"; sourceTree = "<group>"; };
		C5D567801E1BEFBC00DCA6E0 /* MKLAppDelegate.h */ = {isa = PBXFileReference; lastKnownFileType = sourcecode.c.h; path = MKLAppDelegate.h; sourceTree = "<group>"; };
		C5D567811E1BEFBC00DCA6E0 /* MKLAppDelegate.m */ = {isa = PBXFileReference; lastKnownFileType = sourcecode.c.objc; path = MKLAppDelegate.m; sourceTree = "<group>"; };
		C5D567841E1BEFBC00DCA6E0 /* Base */ = {isa = PBXFileReference; lastKnownFileType = file.storyboard; name = Base; path = Base.lproj/Main.storyboard; sourceTree = "<group>"; };
		C5D567861E1BEFBC00DCA6E0 /* MKLViewController.h */ = {isa = PBXFileReference; lastKnownFileType = sourcecode.c.h; path = MKLViewController.h; sourceTree = "<group>"; };
		C5D567871E1BEFBC00DCA6E0 /* MKLViewController.m */ = {isa = PBXFileReference; lastKnownFileType = sourcecode.c.objc; path = MKLViewController.m; sourceTree = "<group>"; };
		C5D567891E1BEFBC00DCA6E0 /* Images.xcassets */ = {isa = PBXFileReference; lastKnownFileType = folder.assetcatalog; path = Images.xcassets; sourceTree = "<group>"; };
		C5D5678F1E1BEFBC00DCA6E0 /* PhotoBrowserTests.xctest */ = {isa = PBXFileReference; explicitFileType = wrapper.cfbundle; includeInIndex = 0; path = PhotoBrowserTests.xctest; sourceTree = BUILT_PRODUCTS_DIR; };
		C5D567901E1BEFBC00DCA6E0 /* XCTest.framework */ = {isa = PBXFileReference; lastKnownFileType = wrapper.framework; name = XCTest.framework; path = Library/Frameworks/XCTest.framework; sourceTree = DEVELOPER_DIR; };
		C5D567981E1BEFBC00DCA6E0 /* PhotoBrowserTests-Info.plist */ = {isa = PBXFileReference; lastKnownFileType = text.plist.xml; path = "PhotoBrowserTests-Info.plist"; sourceTree = "<group>"; };
		C5D5679A1E1BEFBC00DCA6E0 /* en */ = {isa = PBXFileReference; lastKnownFileType = text.plist.strings; name = en; path = en.lproj/InfoPlist.strings; sourceTree = "<group>"; };
		C5D5679C1E1BEFBC00DCA6E0 /* PhotoBrowserTests.m */ = {isa = PBXFileReference; lastKnownFileType = sourcecode.c.objc; path = PhotoBrowserTests.m; sourceTree = "<group>"; };
		C5D567A61E1BF04B00DCA6E0 /* imageData.plist */ = {isa = PBXFileReference; fileEncoding = 4; lastKnownFileType = text.plist.xml; path = imageData.plist; sourceTree = "<group>"; };
/* End PBXFileReference section */

/* Begin PBXFrameworksBuildPhase section */
		C5D5676B1E1BEFBC00DCA6E0 /* Frameworks */ = {
			isa = PBXFrameworksBuildPhase;
			buildActionMask = 2147483647;
			files = (
				C5D567741E1BEFBC00DCA6E0 /* CoreGraphics.framework in Frameworks */,
				C5D567761E1BEFBC00DCA6E0 /* UIKit.framework in Frameworks */,
				C5D567721E1BEFBC00DCA6E0 /* Foundation.framework in Frameworks */,
			);
			runOnlyForDeploymentPostprocessing = 0;
		};
		C5D5678C1E1BEFBC00DCA6E0 /* Frameworks */ = {
			isa = PBXFrameworksBuildPhase;
			buildActionMask = 2147483647;
			files = (
				C5D567911E1BEFBC00DCA6E0 /* XCTest.framework in Frameworks */,
				C5D567931E1BEFBC00DCA6E0 /* UIKit.framework in Frameworks */,
				C5D567921E1BEFBC00DCA6E0 /* Foundation.framework in Frameworks */,
			);
			runOnlyForDeploymentPostprocessing = 0;
		};
/* End PBXFrameworksBuildPhase section */

/* Begin PBXGroup section */
		C5D567651E1BEFBC00DCA6E0 = {
			isa = PBXGroup;
			children = (
				C5D567771E1BEFBC00DCA6E0 /* PhotoBrowser */,
				C5D567961E1BEFBC00DCA6E0 /* PhotoBrowserTests */,
				C5D567701E1BEFBC00DCA6E0 /* Frameworks */,
				C5D5676F1E1BEFBC00DCA6E0 /* Products */,
			);
			sourceTree = "<group>";
		};
		C5D5676F1E1BEFBC00DCA6E0 /* Products */ = {
			isa = PBXGroup;
			children = (
				C5D5676E1E1BEFBC00DCA6E0 /* PhotoBrowser.app */,
				C5D5678F1E1BEFBC00DCA6E0 /* PhotoBrowserTests.xctest */,
			);
			name = Products;
			sourceTree = "<group>";
		};
		C5D567701E1BEFBC00DCA6E0 /* Frameworks */ = {
			isa = PBXGroup;
			children = (
				C5D567711E1BEFBC00DCA6E0 /* Foundation.framework */,
				C5D567731E1BEFBC00DCA6E0 /* CoreGraphics.framework */,
				C5D567751E1BEFBC00DCA6E0 /* UIKit.framework */,
				C5D567901E1BEFBC00DCA6E0 /* XCTest.framework */,
			);
			name = Frameworks;
			sourceTree = "<group>";
		};
		C5D567771E1BEFBC00DCA6E0 /* PhotoBrowser */ = {
			isa = PBXGroup;
			children = (
				C5D567801E1BEFBC00DCA6E0 /* MKLAppDelegate.h */,
				C5D567811E1BEFBC00DCA6E0 /* MKLAppDelegate.m */,
				C5D567861E1BEFBC00DCA6E0 /* MKLViewController.h */,
				C5D567871E1BEFBC00DCA6E0 /* MKLViewController.m */,
				C5D567831E1BEFBC00DCA6E0 /* Main.storyboard */,
				C5D567891E1BEFBC00DCA6E0 /* Images.xcassets */,
				C5D567781E1BEFBC00DCA6E0 /* Supporting Files */,
			);
			path = PhotoBrowser;
			sourceTree = "<group>";
		};
		C5D567781E1BEFBC00DCA6E0 /* Supporting Files */ = {
			isa = PBXGroup;
			children = (
				C5D567A61E1BF04B00DCA6E0 /* imageData.plist */,
				C5D567791E1BEFBC00DCA6E0 /* PhotoBrowser-Info.plist */,
				C5D5677A1E1BEFBC00DCA6E0 /* InfoPlist.strings */,
				C5D5677D1E1BEFBC00DCA6E0 /* main.m */,
				C5D5677F1E1BEFBC00DCA6E0 /* PhotoBrowser-Prefix.pch */,
			);
			name = "Supporting Files";
			sourceTree = "<group>";
		};
		C5D567961E1BEFBC00DCA6E0 /* PhotoBrowserTests */ = {
			isa = PBXGroup;
			children = (
				C5D5679C1E1BEFBC00DCA6E0 /* PhotoBrowserTests.m */,
				C5D567971E1BEFBC00DCA6E0 /* Supporting Files */,
			);
			path = PhotoBrowserTests;
			sourceTree = "<group>";
		};
		C5D567971E1BEFBC00DCA6E0 /* Supporting Files */ = {
			isa = PBXGroup;
			children = (
				C5D567981E1BEFBC00DCA6E0 /* PhotoBrowserTests-Info.plist */,
				C5D567991E1BEFBC00DCA6E0 /* InfoPlist.strings */,
			);
			name = "Supporting Files";
			sourceTree = "<group>";
		};
/* End PBXGroup section */

/* Begin PBXNativeTarget section */
		C5D5676D1E1BEFBC00DCA6E0 /* PhotoBrowser */ = {
			isa = PBXNativeTarget;
			buildConfigurationList = C5D567A01E1BEFBC00DCA6E0 /* Build configuration list for PBXNativeTarget "PhotoBrowser" */;
			buildPhases = (
				C5D5676A1E1BEFBC00DCA6E0 /* Sources */,
				C5D5676B1E1BEFBC00DCA6E0 /* Frameworks */,
				C5D5676C1E1BEFBC00DCA6E0 /* Resources */,
			);
			buildRules = (
			);
			dependencies = (
			);
			name = PhotoBrowser;
			productName = PhotoBrowser;
			productReference = C5D5676E1E1BEFBC00DCA6E0 /* PhotoBrowser.app */;
			productType = "com.apple.product-type.application";
		};
		C5D5678E1E1BEFBC00DCA6E0 /* PhotoBrowserTests */ = {
			isa = PBXNativeTarget;
			buildConfigurationList = C5D567A31E1BEFBC00DCA6E0 /* Build configuration list for PBXNativeTarget "PhotoBrowserTests" */;
			buildPhases = (
				C5D5678B1E1BEFBC00DCA6E0 /* Sources */,
				C5D5678C1E1BEFBC00DCA6E0 /* Frameworks */,
				C5D5678D1E1BEFBC00DCA6E0 /* Resources */,
			);
			buildRules = (
			);
			dependencies = (
				C5D567951E1BEFBC00DCA6E0 /* PBXTargetDependency */,
			);
			name = PhotoBrowserTests;
			productName = PhotoBrowserTests;
			productReference = C5D5678F1E1BEFBC00DCA6E0 /* PhotoBrowserTests.xctest */;
			productType = "com.apple.product-type.bundle.unit-test";
		};
/* End PBXNativeTarget section */

/* Begin PBXProject section */
		C5D567661E1BEFBC00DCA6E0 /* Project object */ = {
			isa = PBXProject;
			attributes = {
				CLASSPREFIX = MKL;
				LastUpgradeCheck = 0510;
				ORGANIZATIONNAME = MarkLewis;
				TargetAttributes = {
					C5D5678E1E1BEFBC00DCA6E0 = {
						TestTargetID = C5D5676D1E1BEFBC00DCA6E0;
					};
				};
			};
			buildConfigurationList = C5D567691E1BEFBC00DCA6E0 /* Build configuration list for PBXProject "PhotoBrowser" */;
			compatibilityVersion = "Xcode 3.2";
			developmentRegion = English;
			hasScannedForEncodings = 0;
			knownRegions = (
				en,
				Base,
			);
			mainGroup = C5D567651E1BEFBC00DCA6E0;
			productRefGroup = C5D5676F1E1BEFBC00DCA6E0 /* Products */;
			projectDirPath = "";
			projectRoot = "";
			targets = (
				C5D5676D1E1BEFBC00DCA6E0 /* PhotoBrowser */,
				C5D5678E1E1BEFBC00DCA6E0 /* PhotoBrowserTests */,
			);
		};
/* End PBXProject section */

/* Begin PBXResourcesBuildPhase section */
		C5D5676C1E1BEFBC00DCA6E0 /* Resources */ = {
			isa = PBXResourcesBuildPhase;
			buildActionMask = 2147483647;
			files = (
				C5D5678A1E1BEFBC00DCA6E0 /* Images.xcassets in Resources */,
				C5D5677C1E1BEFBC00DCA6E0 /* InfoPlist.strings in Resources */,
				C5D567A71E1BF04B00DCA6E0 /* imageData.plist in Resources */,
				C5D567851E1BEFBC00DCA6E0 /* Main.storyboard in Resources */,
			);
			runOnlyForDeploymentPostprocessing = 0;
		};
		C5D5678D1E1BEFBC00DCA6E0 /* Resources */ = {
			isa = PBXResourcesBuildPhase;
			buildActionMask = 2147483647;
			files = (
				C5D5679B1E1BEFBC00DCA6E0 /* InfoPlist.strings in Resources */,
			);
			runOnlyForDeploymentPostprocessing = 0;
		};
/* End PBXResourcesBuildPhase section */

/* Begin PBXSourcesBuildPhase section */
		C5D5676A1E1BEFBC00DCA6E0 /* Sources */ = {
			isa = PBXSourcesBuildPhase;
			buildActionMask = 2147483647;
			files = (
				C5D567881E1BEFBC00DCA6E0 /* MKLViewController.m in Sources */,
				C5D5677E1E1BEFBC00DCA6E0 /* main.m in Sources */,
				C5D567821E1BEFBC00DCA6E0 /* MKLAppDelegate.m in Sources */,
			);
			runOnlyForDeploymentPostprocessing = 0;
		};
		C5D5678B1E1BEFBC00DCA6E0 /* Sources */ = {
			isa = PBXSourcesBuildPhase;
			buildActionMask = 2147483647;
			files = (
				C5D5679D1E1BEFBC00DCA6E0 /* PhotoBrowserTests.m in Sources */,
			);
			runOnlyForDeploymentPostprocessing = 0;
		};
/* End PBXSourcesBuildPhase section */

/* Begin PBXTargetDependency section */
		C5D567951E1BEFBC00DCA6E0 /* PBXTargetDependency */ = {
			isa = PBXTargetDependency;
			target = C5D5676D1E1BEFBC00DCA6E0 /* PhotoBrowser */;
			targetProxy = C5D567941E1BEFBC00DCA6E0 /* PBXContainerItemProxy */;
		};
/* End PBXTargetDependency section */

/* Begin PBXVariantGroup section */
		C5D5677A1E1BEFBC00DCA6E0 /* InfoPlist.strings */ = {
			isa = PBXVariantGroup;
			children = (
				C5D5677B1E1BEFBC00DCA6E0 /* en */,
			);
			name = InfoPlist.strings;
			sourceTree = "<group>";
		};
		C5D567831E1BEFBC00DCA6E0 /* Main.storyboard */ = {
			isa = PBXVariantGroup;
			children = (
				C5D567841E1BEFBC00DCA6E0 /* Base */,
			);
			name = Main.storyboard;
			sourceTree = "<group>";
		};
		C5D567991E1BEFBC00DCA6E0 /* InfoPlist.strings */ = {
			isa = PBXVariantGroup;
			children = (
				C5D5679A1E1BEFBC00DCA6E0 /* en */,
			);
			name = InfoPlist.strings;
			sourceTree = "<group>";
		};
/* End PBXVariantGroup section */

/* Begin XCBuildConfiguration section */
		C5D5679E1E1BEFBC00DCA6E0 /* Debug */ = {
			isa = XCBuildConfiguration;
			buildSettings = {
				ALWAYS_SEARCH_USER_PATHS = NO;
				CLANG_CXX_LANGUAGE_STANDARD = "gnu++0x";
				CLANG_CXX_LIBRARY = "libc++";
				CLANG_ENABLE_MODULES = YES;
				CLANG_ENABLE_OBJC_ARC = YES;
				CLANG_WARN_BOOL_CONVERSION = YES;
				CLANG_WARN_CONSTANT_CONVERSION = YES;
				CLANG_WARN_DIRECT_OBJC_ISA_USAGE = YES_ERROR;
				CLANG_WARN_EMPTY_BODY = YES;
				CLANG_WARN_ENUM_CONVERSION = YES;
				CLANG_WARN_INT_CONVERSION = YES;
				CLANG_WARN_OBJC_ROOT_CLASS = YES_ERROR;
				CLANG_WARN__DUPLICATE_METHOD_MATCH = YES;
				"CODE_SIGN_IDENTITY[sdk=iphoneos*]" = "iPhone Developer";
				COPY_PHASE_STRIP = NO;
				GCC_C_LANGUAGE_STANDARD = gnu99;
				GCC_DYNAMIC_NO_PIC = NO;
				GCC_OPTIMIZATION_LEVEL = 0;
				GCC_PREPROCESSOR_DEFINITIONS = (
					"DEBUG=1",
					"$(inherited)",
				);
				GCC_SYMBOLS_PRIVATE_EXTERN = NO;
				GCC_WARN_64_TO_32_BIT_CONVERSION = YES;
				GCC_WARN_ABOUT_RETURN_TYPE = YES_ERROR;
				GCC_WARN_UNDECLARED_SELECTOR = YES;
				GCC_WARN_UNINITIALIZED_AUTOS = YES_AGGRESSIVE;
				GCC_WARN_UNUSED_FUNCTION = YES;
				GCC_WARN_UNUSED_VARIABLE = YES;
				IPHONEOS_DEPLOYMENT_TARGET = 7.1;
				ONLY_ACTIVE_ARCH = YES;
				SDKROOT = iphoneos;
			};
			name = Debug;
		};
		C5D5679F1E1BEFBC00DCA6E0 /* Release */ = {
			isa = XCBuildConfiguration;
			buildSettings = {
				ALWAYS_SEARCH_USER_PATHS = NO;
				CLANG_CXX_LANGUAGE_STANDARD = "gnu++0x";
				CLANG_CXX_LIBRARY = "libc++";
				CLANG_ENABLE_MODULES = YES;
				CLANG_ENABLE_OBJC_ARC = YES;
				CLANG_WARN_BOOL_CONVERSION = YES;
				CLANG_WARN_CONSTANT_CONVERSION = YES;
				CLANG_WARN_DIRECT_OBJC_ISA_USAGE = YES_ERROR;
				CLANG_WARN_EMPTY_BODY = YES;
				CLANG_WARN_ENUM_CONVERSION = YES;
				CLANG_WARN_INT_CONVERSION = YES;
				CLANG_WARN_OBJC_ROOT_CLASS = YES_ERROR;
				CLANG_WARN__DUPLICATE_METHOD_MATCH = YES;
				"CODE_SIGN_IDENTITY[sdk=iphoneos*]" = "iPhone Developer";
				COPY_PHASE_STRIP = YES;
				ENABLE_NS_ASSERTIONS = NO;
				GCC_C_LANGUAGE_STANDARD = gnu99;
				GCC_WARN_64_TO_32_BIT_CONVERSION = YES;
				GCC_WARN_ABOUT_RETURN_TYPE = YES_ERROR;
				GCC_WARN_UNDECLARED_SELECTOR = YES;
				GCC_WARN_UNINITIALIZED_AUTOS = YES_AGGRESSIVE;
				GCC_WARN_UNUSED_FUNCTION = YES;
				GCC_WARN_UNUSED_VARIABLE = YES;
				IPHONEOS_DEPLOYMENT_TARGET = 7.1;
				SDKROOT = iphoneos;
				VALIDATE_PRODUCT = YES;
			};
			name = Release;
		};
		C5D567A11E1BEFBC00DCA6E0 /* Debug */ = {
			isa = XCBuildConfiguration;
			buildSettings = {
				ASSETCATALOG_COMPILER_APPICON_NAME = AppIcon;
				ASSETCATALOG_COMPILER_LAUNCHIMAGE_NAME = LaunchImage;
				GCC_PRECOMPILE_PREFIX_HEADER = YES;
				GCC_PREFIX_HEADER = "PhotoBrowser/PhotoBrowser-Prefix.pch";
				INFOPLIST_FILE = "PhotoBrowser/PhotoBrowser-Info.plist";
				IPHONEOS_DEPLOYMENT_TARGET = 7.0;
				PRODUCT_NAME = "$(TARGET_NAME)";
				WRAPPER_EXTENSION = app;
			};
			name = Debug;
		};
		C5D567A21E1BEFBC00DCA6E0 /* Release */ = {
			isa = XCBuildConfiguration;
			buildSettings = {
				ASSETCATALOG_COMPILER_APPICON_NAME = AppIcon;
				ASSETCATALOG_COMPILER_LAUNCHIMAGE_NAME = LaunchImage;
				GCC_PRECOMPILE_PREFIX_HEADER = YES;
				GCC_PREFIX_HEADER = "PhotoBrowser/PhotoBrowser-Prefix.pch";
				INFOPLIST_FILE = "PhotoBrowser/PhotoBrowser-Info.plist";
				IPHONEOS_DEPLOYMENT_TARGET = 7.0;
				PRODUCT_NAME = "$(TARGET_NAME)";
				WRAPPER_EXTENSION = app;
			};
			name = Release;
		};
		C5D567A41E1BEFBC00DCA6E0 /* Debug */ = {
			isa = XCBuildConfiguration;
			buildSettings = {
				BUNDLE_LOADER = "$(BUILT_PRODUCTS_DIR)/PhotoBrowser.app/PhotoBrowser";
				FRAMEWORK_SEARCH_PATHS = (
					"$(SDKROOT)/Developer/Library/Frameworks",
					"$(inherited)",
					"$(DEVELOPER_FRAMEWORKS_DIR)",
				);
				GCC_PRECOMPILE_PREFIX_HEADER = YES;
				GCC_PREFIX_HEADER = "PhotoBrowser/PhotoBrowser-Prefix.pch";
				GCC_PREPROCESSOR_DEFINITIONS = (
					"DEBUG=1",
					"$(inherited)",
				);
				INFOPLIST_FILE = "PhotoBrowserTests/PhotoBrowserTests-Info.plist";
				PRODUCT_NAME = "$(TARGET_NAME)";
				TEST_HOST = "$(BUNDLE_LOADER)";
				WRAPPER_EXTENSION = xctest;
			};
			name = Debug;
		};
		C5D567A51E1BEFBC00DCA6E0 /* Release */ = {
			isa = XCBuildConfiguration;
			buildSettings = {
				BUNDLE_LOADER = "$(BUILT_PRODUCTS_DIR)/PhotoBrowser.app/PhotoBrowser";
				FRAMEWORK_SEARCH_PATHS = (
					"$(SDKROOT)/Developer/Library/Frameworks",
					"$(inherited)",
					"$(DEVELOPER_FRAMEWORKS_DIR)",
				);
				GCC_PRECOMPILE_PREFIX_HEADER = YES;
				GCC_PREFIX_HEADER = "PhotoBrowser/PhotoBrowser-Prefix.pch";
				INFOPLIST_FILE = "PhotoBrowserTests/PhotoBrowserTests-Info.plist";
				PRODUCT_NAME = "$(TARGET_NAME)";
				TEST_HOST = "$(BUNDLE_LOADER)";
				WRAPPER_EXTENSION = xctest;
			};
			name = Release;
		};
/* End XCBuildConfiguration section */

/* Begin XCConfigurationList section */
		C5D567691E1BEFBC00DCA6E0 /* Build configuration list for PBXProject "PhotoBrowser" */ = {
			isa = XCConfigurationList;
			buildConfigurations = (
				C5D5679E1E1BEFBC00DCA6E0 /* Debug */,
				C5D5679F1E1BEFBC00DCA6E0 /* Release */,
			);
			defaultConfigurationIsVisible = 0;
			defaultConfigurationName = Release;
		};
		C5D567A01E1BEFBC00DCA6E0 /* Build configuration list for PBXNativeTarget "PhotoBrowser" */ = {
			isa = XCConfigurationList;
			buildConfigurations = (
				C5D567A11E1BEFBC00DCA6E0 /* Debug */,
				C5D567A21E1BEFBC00DCA6E0 /* Release */,
			);
			defaultConfigurationIsVisible = 0;
		};
		C5D567A31E1BEFBC00DCA6E0 /* Build configuration list for PBXNativeTarget "PhotoBrowserTests" */ = {
			isa = XCConfigurationList;
			buildConfigurations = (
				C5D567A41E1BEFBC00DCA6E0 /* Debug */,
				C5D567A51E1BEFBC00DCA6E0 /* Release */,
			);
			defaultConfigurationIsVisible = 0;
		};
/* End XCConfigurationList section */
	};
	rootObject = C5D567661E1BEFBC00DCA6E0 /* Project object */;
}
