// !$*UTF8*$!
{
	archiveVersion = 1;
	classes = {
	};
	objectVersion = 46;
	objects = {

/* Begin PBXBuildFile section */
		C5A589931E16608B002A6204 /* Foundation.framework in Frameworks */ = {isa = PBXBuildFile; fileRef = C5A589921E16608B002A6204 /* Foundation.framework */; };
		C5A589951E16608B002A6204 /* CoreGraphics.framework in Frameworks */ = {isa = PBXBuildFile; fileRef = C5A589941E16608B002A6204 /* CoreGraphics.framework */; };
		C5A589971E16608B002A6204 /* UIKit.framework in Frameworks */ = {isa = PBXBuildFile; fileRef = C5A589961E16608B002A6204 /* UIKit.framework */; };
		C5A5899D1E16608B002A6204 /* InfoPlist.strings in Resources */ = {isa = PBXBuildFile; fileRef = C5A5899B1E16608B002A6204 /* InfoPlist.strings */; };
		C5A5899F1E16608B002A6204 /* main.m in Sources */ = {isa = PBXBuildFile; fileRef = C5A5899E1E16608B002A6204 /* main.m */; };
		C5A589A31E16608B002A6204 /* MKLAppDelegate.m in Sources */ = {isa = PBXBuildFile; fileRef = C5A589A21E16608B002A6204 /* MKLAppDelegate.m */; };
		C5A589A61E16608B002A6204 /* Main.storyboard in Resources */ = {isa = PBXBuildFile; fileRef = C5A589A41E16608B002A6204 /* Main.storyboard */; };
		C5A589A91E16608B002A6204 /* MKLViewController.m in Sources */ = {isa = PBXBuildFile; fileRef = C5A589A81E16608B002A6204 /* MKLViewController.m */; };
		C5A589AB1E16608B002A6204 /* Images.xcassets in Resources */ = {isa = PBXBuildFile; fileRef = C5A589AA1E16608B002A6204 /* Images.xcassets */; };
		C5A589B21E16608B002A6204 /* XCTest.framework in Frameworks */ = {isa = PBXBuildFile; fileRef = C5A589B11E16608B002A6204 /* XCTest.framework */; };
		C5A589B31E16608B002A6204 /* Foundation.framework in Frameworks */ = {isa = PBXBuildFile; fileRef = C5A589921E16608B002A6204 /* Foundation.framework */; };
		C5A589B41E16608B002A6204 /* UIKit.framework in Frameworks */ = {isa = PBXBuildFile; fileRef = C5A589961E16608B002A6204 /* UIKit.framework */; };
		C5A589BC1E16608B002A6204 /* InfoPlist.strings in Resources */ = {isa = PBXBuildFile; fileRef = C5A589BA1E16608B002A6204 /* InfoPlist.strings */; };
		C5A589BE1E16608B002A6204 /* Button_Attributes_basic_demoTests.m in Sources */ = {isa = PBXBuildFile; fileRef = C5A589BD1E16608B002A6204 /* Button_Attributes_basic_demoTests.m */; };
		C5A589C91E1663F7002A6204 /* UIView+Extension.m in Sources */ = {isa = PBXBuildFile; fileRef = C5A589C81E1663F7002A6204 /* UIView+Extension.m */; };
/* End PBXBuildFile section */

/* Begin PBXContainerItemProxy section */
		C5A589B51E16608B002A6204 /* PBXContainerItemProxy */ = {
			isa = PBXContainerItemProxy;
			containerPortal = C5A589871E16608B002A6204 /* Project object */;
			proxyType = 1;
			remoteGlobalIDString = C5A5898E1E16608B002A6204;
			remoteInfo = "Button-Attributes basic demo";
		};
/* End PBXContainerItemProxy section */

/* Begin PBXFileReference section */
		C5A5898F1E16608B002A6204 /* Button-Attributes basic demo.app */ = {isa = PBXFileReference; explicitFileType = wrapper.application; includeInIndex = 0; path = "Button-Attributes basic demo.app"; sourceTree = BUILT_PRODUCTS_DIR; };
		C5A589921E16608B002A6204 /* Foundation.framework */ = {isa = PBXFileReference; lastKnownFileType = wrapper.framework; name = Foundation.framework; path = System/Library/Frameworks/Foundation.framework; sourceTree = SDKROOT; };
		C5A589941E16608B002A6204 /* CoreGraphics.framework */ = {isa = PBXFileReference; lastKnownFileType = wrapper.framework; name = CoreGraphics.framework; path = System/Library/Frameworks/CoreGraphics.framework; sourceTree = SDKROOT; };
		C5A589961E16608B002A6204 /* UIKit.framework */ = {isa = PBXFileReference; lastKnownFileType = wrapper.framework; name = UIKit.framework; path = System/Library/Frameworks/UIKit.framework; sourceTree = SDKROOT; };
		C5A5899A1E16608B002A6204 /* Button-Attributes basic demo-Info.plist */ = {isa = PBXFileReference; lastKnownFileType = text.plist.xml; path = "Button-Attributes basic demo-Info.plist"; sourceTree = "<group>"; };
		C5A5899C1E16608B002A6204 /* en */ = {isa = PBXFileReference; lastKnownFileType = text.plist.strings; name = en; path = en.lproj/InfoPlist.strings; sourceTree = "<group>"; };
		C5A5899E1E16608B002A6204 /* main.m */ = {isa = PBXFileReference; lastKnownFileType = sourcecode.c.objc; path = main.m; sourceTree = "<group>"; };
		C5A589A01E16608B002A6204 /* Button-Attributes basic demo-Prefix.pch */ = {isa = PBXFileReference; lastKnownFileType = sourcecode.c.h; path = "Button-Attributes basic demo-Prefix.pch"; sourceTree = "<group>"; };
		C5A589A11E16608B002A6204 /* MKLAppDelegate.h */ = {isa = PBXFileReference; lastKnownFileType = sourcecode.c.h; path = MKLAppDelegate.h; sourceTree = "<group>"; };
		C5A589A21E16608B002A6204 /* MKLAppDelegate.m */ = {isa = PBXFileReference; lastKnownFileType = sourcecode.c.objc; path = MKLAppDelegate.m; sourceTree = "<group>"; };
		C5A589A51E16608B002A6204 /* Base */ = {isa = PBXFileReference; lastKnownFileType = file.storyboard; name = Base; path = Base.lproj/Main.storyboard; sourceTree = "<group>"; };
		C5A589A71E16608B002A6204 /* MKLViewController.h */ = {isa = PBXFileReference; lastKnownFileType = sourcecode.c.h; path = MKLViewController.h; sourceTree = "<group>"; };
		C5A589A81E16608B002A6204 /* MKLViewController.m */ = {isa = PBXFileReference; lastKnownFileType = sourcecode.c.objc; path = MKLViewController.m; sourceTree = "<group>"; };
		C5A589AA1E16608B002A6204 /* Images.xcassets */ = {isa = PBXFileReference; lastKnownFileType = folder.assetcatalog; path = Images.xcassets; sourceTree = "<group>"; };
		C5A589B01E16608B002A6204 /* Button-Attributes basic demoTests.xctest */ = {isa = PBXFileReference; explicitFileType = wrapper.cfbundle; includeInIndex = 0; path = "Button-Attributes basic demoTests.xctest"; sourceTree = BUILT_PRODUCTS_DIR; };
		C5A589B11E16608B002A6204 /* XCTest.framework */ = {isa = PBXFileReference; lastKnownFileType = wrapper.framework; name = XCTest.framework; path = Library/Frameworks/XCTest.framework; sourceTree = DEVELOPER_DIR; };
		C5A589B91E16608B002A6204 /* Button-Attributes basic demoTests-Info.plist */ = {isa = PBXFileReference; lastKnownFileType = text.plist.xml; path = "Button-Attributes basic demoTests-Info.plist"; sourceTree = "<group>"; };
		C5A589BB1E16608B002A6204 /* en */ = {isa = PBXFileReference; lastKnownFileType = text.plist.strings; name = en; path = en.lproj/InfoPlist.strings; sourceTree = "<group>"; };
		C5A589BD1E16608B002A6204 /* Button_Attributes_basic_demoTests.m */ = {isa = PBXFileReference; lastKnownFileType = sourcecode.c.objc; path = Button_Attributes_basic_demoTests.m; sourceTree = "<group>"; };
		C5A589C71E1663F7002A6204 /* UIView+Extension.h */ = {isa = PBXFileReference; fileEncoding = 4; lastKnownFileType = sourcecode.c.h; path = "UIView+Extension.h"; sourceTree = "<group>"; };
		C5A589C81E1663F7002A6204 /* UIView+Extension.m */ = {isa = PBXFileReference; fileEncoding = 4; lastKnownFileType = sourcecode.c.objc; path = "UIView+Extension.m"; sourceTree = "<group>"; };
/* End PBXFileReference section */

/* Begin PBXFrameworksBuildPhase section */
		C5A5898C1E16608B002A6204 /* Frameworks */ = {
			isa = PBXFrameworksBuildPhase;
			buildActionMask = 2147483647;
			files = (
				C5A589951E16608B002A6204 /* CoreGraphics.framework in Frameworks */,
				C5A589971E16608B002A6204 /* UIKit.framework in Frameworks */,
				C5A589931E16608B002A6204 /* Foundation.framework in Frameworks */,
			);
			runOnlyForDeploymentPostprocessing = 0;
		};
		C5A589AD1E16608B002A6204 /* Frameworks */ = {
			isa = PBXFrameworksBuildPhase;
			buildActionMask = 2147483647;
			files = (
				C5A589B21E16608B002A6204 /* XCTest.framework in Frameworks */,
				C5A589B41E16608B002A6204 /* UIKit.framework in Frameworks */,
				C5A589B31E16608B002A6204 /* Foundation.framework in Frameworks */,
			);
			runOnlyForDeploymentPostprocessing = 0;
		};
/* End PBXFrameworksBuildPhase section */

/* Begin PBXGroup section */
		C5A589861E16608B002A6204 = {
			isa = PBXGroup;
			children = (
				C5A589981E16608B002A6204 /* Button-Attributes basic demo */,
				C5A589B71E16608B002A6204 /* Button-Attributes basic demoTests */,
				C5A589911E16608B002A6204 /* Frameworks */,
				C5A589901E16608B002A6204 /* Products */,
			);
			sourceTree = "<group>";
		};
		C5A589901E16608B002A6204 /* Products */ = {
			isa = PBXGroup;
			children = (
				C5A5898F1E16608B002A6204 /* Button-Attributes basic demo.app */,
				C5A589B01E16608B002A6204 /* Button-Attributes basic demoTests.xctest */,
			);
			name = Products;
			sourceTree = "<group>";
		};
		C5A589911E16608B002A6204 /* Frameworks */ = {
			isa = PBXGroup;
			children = (
				C5A589921E16608B002A6204 /* Foundation.framework */,
				C5A589941E16608B002A6204 /* CoreGraphics.framework */,
				C5A589961E16608B002A6204 /* UIKit.framework */,
				C5A589B11E16608B002A6204 /* XCTest.framework */,
			);
			name = Frameworks;
			sourceTree = "<group>";
		};
		C5A589981E16608B002A6204 /* Button-Attributes basic demo */ = {
			isa = PBXGroup;
			children = (
				C5A589A11E16608B002A6204 /* MKLAppDelegate.h */,
				C5A589A21E16608B002A6204 /* MKLAppDelegate.m */,
				C5A589A71E16608B002A6204 /* MKLViewController.h */,
				C5A589A81E16608B002A6204 /* MKLViewController.m */,
				C5A589C71E1663F7002A6204 /* UIView+Extension.h */,
				C5A589C81E1663F7002A6204 /* UIView+Extension.m */,
				C5A589A41E16608B002A6204 /* Main.storyboard */,
				C5A589AA1E16608B002A6204 /* Images.xcassets */,
				C5A589991E16608B002A6204 /* Supporting Files */,
			);
			path = "Button-Attributes basic demo";
			sourceTree = "<group>";
		};
		C5A589991E16608B002A6204 /* Supporting Files */ = {
			isa = PBXGroup;
			children = (
				C5A5899A1E16608B002A6204 /* Button-Attributes basic demo-Info.plist */,
				C5A5899B1E16608B002A6204 /* InfoPlist.strings */,
				C5A5899E1E16608B002A6204 /* main.m */,
				C5A589A01E16608B002A6204 /* Button-Attributes basic demo-Prefix.pch */,
			);
			name = "Supporting Files";
			sourceTree = "<group>";
		};
		C5A589B71E16608B002A6204 /* Button-Attributes basic demoTests */ = {
			isa = PBXGroup;
			children = (
				C5A589BD1E16608B002A6204 /* Button_Attributes_basic_demoTests.m */,
				C5A589B81E16608B002A6204 /* Supporting Files */,
			);
			path = "Button-Attributes basic demoTests";
			sourceTree = "<group>";
		};
		C5A589B81E16608B002A6204 /* Supporting Files */ = {
			isa = PBXGroup;
			children = (
				C5A589B91E16608B002A6204 /* Button-Attributes basic demoTests-Info.plist */,
				C5A589BA1E16608B002A6204 /* InfoPlist.strings */,
			);
			name = "Supporting Files";
			sourceTree = "<group>";
		};
/* End PBXGroup section */

/* Begin PBXNativeTarget section */
		C5A5898E1E16608B002A6204 /* Button-Attributes basic demo */ = {
			isa = PBXNativeTarget;
			buildConfigurationList = C5A589C11E16608B002A6204 /* Build configuration list for PBXNativeTarget "Button-Attributes basic demo" */;
			buildPhases = (
				C5A5898B1E16608B002A6204 /* Sources */,
				C5A5898C1E16608B002A6204 /* Frameworks */,
				C5A5898D1E16608B002A6204 /* Resources */,
			);
			buildRules = (
			);
			dependencies = (
			);
			name = "Button-Attributes basic demo";
			productName = "Button-Attributes basic demo";
			productReference = C5A5898F1E16608B002A6204 /* Button-Attributes basic demo.app */;
			productType = "com.apple.product-type.application";
		};
		C5A589AF1E16608B002A6204 /* Button-Attributes basic demoTests */ = {
			isa = PBXNativeTarget;
			buildConfigurationList = C5A589C41E16608B002A6204 /* Build configuration list for PBXNativeTarget "Button-Attributes basic demoTests" */;
			buildPhases = (
				C5A589AC1E16608B002A6204 /* Sources */,
				C5A589AD1E16608B002A6204 /* Frameworks */,
				C5A589AE1E16608B002A6204 /* Resources */,
			);
			buildRules = (
			);
			dependencies = (
				C5A589B61E16608B002A6204 /* PBXTargetDependency */,
			);
			name = "Button-Attributes basic demoTests";
			productName = "Button-Attributes basic demoTests";
			productReference = C5A589B01E16608B002A6204 /* Button-Attributes basic demoTests.xctest */;
			productType = "com.apple.product-type.bundle.unit-test";
		};
/* End PBXNativeTarget section */

/* Begin PBXProject section */
		C5A589871E16608B002A6204 /* Project object */ = {
			isa = PBXProject;
			attributes = {
				CLASSPREFIX = MKL;
				LastUpgradeCheck = 0510;
				ORGANIZATIONNAME = MarkLewis;
				TargetAttributes = {
					C5A589AF1E16608B002A6204 = {
						TestTargetID = C5A5898E1E16608B002A6204;
					};
				};
			};
			buildConfigurationList = C5A5898A1E16608B002A6204 /* Build configuration list for PBXProject "Button-Attributes basic demo" */;
			compatibilityVersion = "Xcode 3.2";
			developmentRegion = English;
			hasScannedForEncodings = 0;
			knownRegions = (
				en,
				Base,
			);
			mainGroup = C5A589861E16608B002A6204;
			productRefGroup = C5A589901E16608B002A6204 /* Products */;
			projectDirPath = "";
			projectRoot = "";
			targets = (
				C5A5898E1E16608B002A6204 /* Button-Attributes basic demo */,
				C5A589AF1E16608B002A6204 /* Button-Attributes basic demoTests */,
			);
		};
/* End PBXProject section */

/* Begin PBXResourcesBuildPhase section */
		C5A5898D1E16608B002A6204 /* Resources */ = {
			isa = PBXResourcesBuildPhase;
			buildActionMask = 2147483647;
			files = (
				C5A589AB1E16608B002A6204 /* Images.xcassets in Resources */,
				C5A5899D1E16608B002A6204 /* InfoPlist.strings in Resources */,
				C5A589A61E16608B002A6204 /* Main.storyboard in Resources */,
			);
			runOnlyForDeploymentPostprocessing = 0;
		};
		C5A589AE1E16608B002A6204 /* Resources */ = {
			isa = PBXResourcesBuildPhase;
			buildActionMask = 2147483647;
			files = (
				C5A589BC1E16608B002A6204 /* InfoPlist.strings in Resources */,
			);
			runOnlyForDeploymentPostprocessing = 0;
		};
/* End PBXResourcesBuildPhase section */

/* Begin PBXSourcesBuildPhase section */
		C5A5898B1E16608B002A6204 /* Sources */ = {
			isa = PBXSourcesBuildPhase;
			buildActionMask = 2147483647;
			files = (
				C5A589A91E16608B002A6204 /* MKLViewController.m in Sources */,
				C5A5899F1E16608B002A6204 /* main.m in Sources */,
				C5A589C91E1663F7002A6204 /* UIView+Extension.m in Sources */,
				C5A589A31E16608B002A6204 /* MKLAppDelegate.m in Sources */,
			);
			runOnlyForDeploymentPostprocessing = 0;
		};
		C5A589AC1E16608B002A6204 /* Sources */ = {
			isa = PBXSourcesBuildPhase;
			buildActionMask = 2147483647;
			files = (
				C5A589BE1E16608B002A6204 /* Button_Attributes_basic_demoTests.m in Sources */,
			);
			runOnlyForDeploymentPostprocessing = 0;
		};
/* End PBXSourcesBuildPhase section */

/* Begin PBXTargetDependency section */
		C5A589B61E16608B002A6204 /* PBXTargetDependency */ = {
			isa = PBXTargetDependency;
			target = C5A5898E1E16608B002A6204 /* Button-Attributes basic demo */;
			targetProxy = C5A589B51E16608B002A6204 /* PBXContainerItemProxy */;
		};
/* End PBXTargetDependency section */

/* Begin PBXVariantGroup section */
		C5A5899B1E16608B002A6204 /* InfoPlist.strings */ = {
			isa = PBXVariantGroup;
			children = (
				C5A5899C1E16608B002A6204 /* en */,
			);
			name = InfoPlist.strings;
			sourceTree = "<group>";
		};
		C5A589A41E16608B002A6204 /* Main.storyboard */ = {
			isa = PBXVariantGroup;
			children = (
				C5A589A51E16608B002A6204 /* Base */,
			);
			name = Main.storyboard;
			sourceTree = "<group>";
		};
		C5A589BA1E16608B002A6204 /* InfoPlist.strings */ = {
			isa = PBXVariantGroup;
			children = (
				C5A589BB1E16608B002A6204 /* en */,
			);
			name = InfoPlist.strings;
			sourceTree = "<group>";
		};
/* End PBXVariantGroup section */

/* Begin XCBuildConfiguration section */
		C5A589BF1E16608B002A6204 /* Debug */ = {
			isa = XCBuildConfiguration;
			buildSettings = {
				ALWAYS_SEARCH_USER_PATHS = NO;
				CLANG_CXX_LANGUAGE_STANDARD = "gnu++0x";
				CLANG_CXX_LIBRARY = "libc++";
				CLANG_ENABLE_MODULES = YES;
				CLANG_ENABLE_OBJC_ARC = YES;
				CLANG_WARN_BOOL_CONVERSION = YES;
				CLANG_WARN_CONSTANT_CONVERSION = YES;
				CLANG_WARN_DIRECT_OBJC_ISA_USAGE = YES_ERROR;
				CLANG_WARN_EMPTY_BODY = YES;
				CLANG_WARN_ENUM_CONVERSION = YES;
				CLANG_WARN_INT_CONVERSION = YES;
				CLANG_WARN_OBJC_ROOT_CLASS = YES_ERROR;
				CLANG_WARN__DUPLICATE_METHOD_MATCH = YES;
				"CODE_SIGN_IDENTITY[sdk=iphoneos*]" = "iPhone Developer";
				COPY_PHASE_STRIP = NO;
				GCC_C_LANGUAGE_STANDARD = gnu99;
				GCC_DYNAMIC_NO_PIC = NO;
				GCC_OPTIMIZATION_LEVEL = 0;
				GCC_PREPROCESSOR_DEFINITIONS = (
					"DEBUG=1",
					"$(inherited)",
				);
				GCC_SYMBOLS_PRIVATE_EXTERN = NO;
				GCC_WARN_64_TO_32_BIT_CONVERSION = YES;
				GCC_WARN_ABOUT_RETURN_TYPE = YES_ERROR;
				GCC_WARN_UNDECLARED_SELECTOR = YES;
				GCC_WARN_UNINITIALIZED_AUTOS = YES_AGGRESSIVE;
				GCC_WARN_UNUSED_FUNCTION = YES;
				GCC_WARN_UNUSED_VARIABLE = YES;
				IPHONEOS_DEPLOYMENT_TARGET = 7.1;
				ONLY_ACTIVE_ARCH = YES;
				SDKROOT = iphoneos;
			};
			name = Debug;
		};
		C5A589C01E16608B002A6204 /* Release */ = {
			isa = XCBuildConfiguration;
			buildSettings = {
				ALWAYS_SEARCH_USER_PATHS = NO;
				CLANG_CXX_LANGUAGE_STANDARD = "gnu++0x";
				CLANG_CXX_LIBRARY = "libc++";
				CLANG_ENABLE_MODULES = YES;
				CLANG_ENABLE_OBJC_ARC = YES;
				CLANG_WARN_BOOL_CONVERSION = YES;
				CLANG_WARN_CONSTANT_CONVERSION = YES;
				CLANG_WARN_DIRECT_OBJC_ISA_USAGE = YES_ERROR;
				CLANG_WARN_EMPTY_BODY = YES;
				CLANG_WARN_ENUM_CONVERSION = YES;
				CLANG_WARN_INT_CONVERSION = YES;
				CLANG_WARN_OBJC_ROOT_CLASS = YES_ERROR;
				CLANG_WARN__DUPLICATE_METHOD_MATCH = YES;
				"CODE_SIGN_IDENTITY[sdk=iphoneos*]" = "iPhone Developer";
				COPY_PHASE_STRIP = YES;
				ENABLE_NS_ASSERTIONS = NO;
				GCC_C_LANGUAGE_STANDARD = gnu99;
				GCC_WARN_64_TO_32_BIT_CONVERSION = YES;
				GCC_WARN_ABOUT_RETURN_TYPE = YES_ERROR;
				GCC_WARN_UNDECLARED_SELECTOR = YES;
				GCC_WARN_UNINITIALIZED_AUTOS = YES_AGGRESSIVE;
				GCC_WARN_UNUSED_FUNCTION = YES;
				GCC_WARN_UNUSED_VARIABLE = YES;
				IPHONEOS_DEPLOYMENT_TARGET = 7.1;
				SDKROOT = iphoneos;
				VALIDATE_PRODUCT = YES;
			};
			name = Release;
		};
		C5A589C21E16608B002A6204 /* Debug */ = {
			isa = XCBuildConfiguration;
			buildSettings = {
				ASSETCATALOG_COMPILER_APPICON_NAME = AppIcon;
				ASSETCATALOG_COMPILER_LAUNCHIMAGE_NAME = LaunchImage;
				GCC_PRECOMPILE_PREFIX_HEADER = YES;
				GCC_PREFIX_HEADER = "Button-Attributes basic demo/Button-Attributes basic demo-Prefix.pch";
				INFOPLIST_FILE = "Button-Attributes basic demo/Button-Attributes basic demo-Info.plist";
				IPHONEOS_DEPLOYMENT_TARGET = 7.0;
				PRODUCT_NAME = "$(TARGET_NAME)";
				WRAPPER_EXTENSION = app;
			};
			name = Debug;
		};
		C5A589C31E16608B002A6204 /* Release */ = {
			isa = XCBuildConfiguration;
			buildSettings = {
				ASSETCATALOG_COMPILER_APPICON_NAME = AppIcon;
				ASSETCATALOG_COMPILER_LAUNCHIMAGE_NAME = LaunchImage;
				GCC_PRECOMPILE_PREFIX_HEADER = YES;
				GCC_PREFIX_HEADER = "Button-Attributes basic demo/Button-Attributes basic demo-Prefix.pch";
				INFOPLIST_FILE = "Button-Attributes basic demo/Button-Attributes basic demo-Info.plist";
				IPHONEOS_DEPLOYMENT_TARGET = 7.0;
				PRODUCT_NAME = "$(TARGET_NAME)";
				WRAPPER_EXTENSION = app;
			};
			name = Release;
		};
		C5A589C51E16608B002A6204 /* Debug */ = {
			isa = XCBuildConfiguration;
			buildSettings = {
				BUNDLE_LOADER = "$(BUILT_PRODUCTS_DIR)/Button-Attributes basic demo.app/Button-Attributes basic demo";
				FRAMEWORK_SEARCH_PATHS = (
					"$(SDKROOT)/Developer/Library/Frameworks",
					"$(inherited)",
					"$(DEVELOPER_FRAMEWORKS_DIR)",
				);
				GCC_PRECOMPILE_PREFIX_HEADER = YES;
				GCC_PREFIX_HEADER = "Button-Attributes basic demo/Button-Attributes basic demo-Prefix.pch";
				GCC_PREPROCESSOR_DEFINITIONS = (
					"DEBUG=1",
					"$(inherited)",
				);
				INFOPLIST_FILE = "Button-Attributes basic demoTests/Button-Attributes basic demoTests-Info.plist";
				PRODUCT_NAME = "$(TARGET_NAME)";
				TEST_HOST = "$(BUNDLE_LOADER)";
				WRAPPER_EXTENSION = xctest;
			};
			name = Debug;
		};
		C5A589C61E16608B002A6204 /* Release */ = {
			isa = XCBuildConfiguration;
			buildSettings = {
				BUNDLE_LOADER = "$(BUILT_PRODUCTS_DIR)/Button-Attributes basic demo.app/Button-Attributes basic demo";
				FRAMEWORK_SEARCH_PATHS = (
					"$(SDKROOT)/Developer/Library/Frameworks",
					"$(inherited)",
					"$(DEVELOPER_FRAMEWORKS_DIR)",
				);
				GCC_PRECOMPILE_PREFIX_HEADER = YES;
				GCC_PREFIX_HEADER = "Button-Attributes basic demo/Button-Attributes basic demo-Prefix.pch";
				INFOPLIST_FILE = "Button-Attributes basic demoTests/Button-Attributes basic demoTests-Info.plist";
				PRODUCT_NAME = "$(TARGET_NAME)";
				TEST_HOST = "$(BUNDLE_LOADER)";
				WRAPPER_EXTENSION = xctest;
			};
			name = Release;
		};
/* End XCBuildConfiguration section */

/* Begin XCConfigurationList section */
		C5A5898A1E16608B002A6204 /* Build configuration list for PBXProject "Button-Attributes basic demo" */ = {
			isa = XCConfigurationList;
			buildConfigurations = (
				C5A589BF1E16608B002A6204 /* Debug */,
				C5A589C01E16608B002A6204 /* Release */,
			);
			defaultConfigurationIsVisible = 0;
			defaultConfigurationName = Release;
		};
		C5A589C11E16608B002A6204 /* Build configuration list for PBXNativeTarget "Button-Attributes basic demo" */ = {
			isa = XCConfigurationList;
			buildConfigurations = (
				C5A589C21E16608B002A6204 /* Debug */,
				C5A589C31E16608B002A6204 /* Release */,
			);
			defaultConfigurationIsVisible = 0;
		};
		C5A589C41E16608B002A6204 /* Build configuration list for PBXNativeTarget "Button-Attributes basic demoTests" */ = {
			isa = XCConfigurationList;
			buildConfigurations = (
				C5A589C51E16608B002A6204 /* Debug */,
				C5A589C61E16608B002A6204 /* Release */,
			);
			defaultConfigurationIsVisible = 0;
		};
/* End XCConfigurationList section */
	};
	rootObject = C5A589871E16608B002A6204 /* Project object */;
}
